
Microsoft Visual Studio Solution File, Format Version 12.00
# Visual Studio Version 16
VisualStudioVersion = 16.0.31729.503
MinimumVisualStudioVersion = 10.0.40219.1
Project("{FAE04EC0-301F-11D3-BF4B-00C04F79EFBC}") = "DoctorFinderProject", "DoctorFinderProject\DoctorFinderProject.csproj", "{7B4AF2D1-F64A-4848-ADB2-454D1A8979EA}"
EndProject
Global
	GlobalSection(SolutionConfigurationPlatforms) = preSolution
		Debug|Any CPU = Debug|Any CPU
		Release|Any CPU = Release|Any CPU
	EndGlobalSection
	GlobalSection(ProjectConfigurationPlatforms) = postSolution
		{7B4AF2D1-F64A-4848-ADB2-454D1A8979EA}.Debug|Any CPU.ActiveCfg = Debug|Any CPU
		{7B4AF2D1-F64A-4848-ADB2-454D1A8979EA}.Debug|Any CPU.Build.0 = Debug|Any CPU
		{7B4AF2D1-F64A-4848-ADB2-454D1A8979EA}.Release|Any CPU.ActiveCfg = Release|Any CPU
		{7B4AF2D1-F64A-4848-ADB2-454D1A8979EA}.Release|Any CPU.Build.0 = Release|Any CPU
	EndGlobalSection
	GlobalSection(SolutionProperties) = preSolution
		HideSolutionNode = FALSE
	EndGlobalSection
	GlobalSection(ExtensibilityGlobals) = postSolution
		SolutionGuid = {28E2EA72-CDF2-49EA-9BD8-AEC85F2775C1}
	EndGlobalSection
EndGlobal
